
Microsoft Visual Studio Solution File, Format Version 12.00
# Visual Studio Version 17
VisualStudioVersion = 17.2.32505.173
MinimumVisualStudioVersion = 10.0.40219.1
Project("{9A19103F-16F7-4668-BE54-9A1E7A4F7556}") = "Aula_Reflection", "Aula_Reflection\Aula_Reflection.csproj", "{1B804C66-9E93-42C5-B818-96DAE6C432D4}"
EndProject
Project("{9A19103F-16F7-4668-BE54-9A1E7A4F7556}") = "Aula_Reflection.Services", "Aula_Reflection.Services\Aula_Reflection.Services.csproj", "{55EC8165-D3FD-49C9-8296-6FCEE88016FC}"
EndProject
Global
	GlobalSection(SolutionConfigurationPlatforms) = preSolution
		Debug|Any CPU = Debug|Any CPU
		Release|Any CPU = Release|Any CPU
	EndGlobalSection
	GlobalSection(ProjectConfigurationPlatforms) = postSolution
		{1B804C66-9E93-42C5-B818-96DAE6C432D4}.Debug|Any CPU.ActiveCfg = Debug|Any CPU
		{1B804C66-9E93-42C5-B818-96DAE6C432D4}.Debug|Any CPU.Build.0 = Debug|Any CPU
		{1B804C66-9E93-42C5-B818-96DAE6C432D4}.Release|Any CPU.ActiveCfg = Release|Any CPU
		{1B804C66-9E93-42C5-B818-96DAE6C432D4}.Release|Any CPU.Build.0 = Release|Any CPU
		{55EC8165-D3FD-49C9-8296-6FCEE88016FC}.Debug|Any CPU.ActiveCfg = Debug|Any CPU
		{55EC8165-D3FD-49C9-8296-6FCEE88016FC}.Debug|Any CPU.Build.0 = Debug|Any CPU
		{55EC8165-D3FD-49C9-8296-6FCEE88016FC}.Release|Any CPU.ActiveCfg = Release|Any CPU
		{55EC8165-D3FD-49C9-8296-6FCEE88016FC}.Release|Any CPU.Build.0 = Release|Any CPU
	EndGlobalSection
	GlobalSection(SolutionProperties) = preSolution
		HideSolutionNode = FALSE
	EndGlobalSection
	GlobalSection(ExtensibilityGlobals) = postSolution
		SolutionGuid = {7D944831-3B92-4EC5-89D3-1EAD8E8229B0}
	EndGlobalSection
EndGlobal
